<?xml version="1.0" encoding="utf-8"?>
<Project ToolsVersion="4.0" xmlns="http://schemas.microsoft.com/developer/msbuild/2003">
  <ItemGroup>
    <ClCompile Include="main.cpp" />
    <ClCompile Include="mouse_driver\mouse.cpp">
      <Filter>mouse_driver</Filter>
    </ClCompile>
    <ClCompile Include="features\menu\menu.cpp">
      <Filter>features\menu</Filter>
    </ClCompile>
    <ClCompile Include="WinMain.cpp" />
    <ClCompile Include="features\settings\settings.cpp">
      <Filter>features\settings</Filter>
    </ClCompile>
    <ClCompile Include="features\utils\utils.cpp">
      <Filter>features\utils</Filter>
    </ClCompile>
    <ClCompile Include="features\control\control.cpp">
      <Filter>features\control</Filter>
    </ClCompile>
    <ClCompile Include="imgui\imgui.cpp">
      <Filter>imgui</Filter>
    </ClCompile>
    <ClCompile Include="imgui\imgui_demo.cpp">
      <Filter>imgui</Filter>
    </ClCompile>
    <ClCompile Include="imgui\imgui_draw.cpp">
      <Filter>imgui</Filter>
    </ClCompile>
    <ClCompile Include="imgui\imgui_freetype.cpp">
      <Filter>imgui</Filter>
    </ClCompile>
    <ClCompile Include="imgui\imgui_impl_glfw.cpp">
      <Filter>imgui</Filter>
    </ClCompile>
    <ClCompile Include="imgui\imgui_impl_opengl3.cpp">
      <Filter>imgui</Filter>
    </ClCompile>
    <ClCompile Include="imgui\imgui_stdlib.cpp">
      <Filter>imgui</Filter>
    </ClCompile>
    <ClCompile Include="imgui\imgui_tables.cpp">
      <Filter>imgui</Filter>
    </ClCompile>
    <ClCompile Include="imgui\imgui_widgets.cpp">
      <Filter>imgui</Filter>
    </ClCompile>
    <ClCompile Include="imgui\plugins\TextEditor.cpp">
      <Filter>imgui\plugins</Filter>
    </ClCompile>
    <ClCompile Include="features\dxgi\dxgi.cpp">
      <Filter>features\dxgi</Filter>
    </ClCompile>
  </ItemGroup>
  <ItemGroup>
    <Filter Include="mouse_driver">
      <UniqueIdentifier>{ac4e747f-e5ff-4d53-8323-027ae64f57e5}</UniqueIdentifier>
    </Filter>
    <Filter Include="features">
      <UniqueIdentifier>{48f645ae-d404-4a6f-a253-cc5642bc2a81}</UniqueIdentifier>
    </Filter>
    <Filter Include="features\menu">
      <UniqueIdentifier>{35b9bcfb-66f4-4a31-afca-62b24ec69552}</UniqueIdentifier>
    </Filter>
    <Filter Include="features\settings">
      <UniqueIdentifier>{977d35e1-e6a7-43d8-9478-d35fa5330b8c}</UniqueIdentifier>
    </Filter>
    <Filter Include="features\utils">
      <UniqueIdentifier>{c2ea8243-21f7-49e1-b20c-8bff5a50fdb7}</UniqueIdentifier>
    </Filter>
    <Filter Include="features\control">
      <UniqueIdentifier>{75612caf-1544-4c9a-9502-ed372376ea48}</UniqueIdentifier>
    </Filter>
    <Filter Include="imgui">
      <UniqueIdentifier>{9a1bc72e-e314-4996-8652-6f54ad2297bf}</UniqueIdentifier>
    </Filter>
    <Filter Include="imgui\libs">
      <UniqueIdentifier>{3aca266f-7e85-4812-8393-a1c68c7b9ca2}</UniqueIdentifier>
    </Filter>
    <Filter Include="imgui\libs\glfw">
      <UniqueIdentifier>{08fca3f4-5b82-429e-a5f1-3f3393c23848}</UniqueIdentifier>
    </Filter>
    <Filter Include="imgui\libs\glfw\include">
      <UniqueIdentifier>{19d2f562-8fcc-4ae6-bea2-51c786ee1c39}</UniqueIdentifier>
    </Filter>
    <Filter Include="imgui\libs\glfw\include\GLFW">
      <UniqueIdentifier>{3657d958-8095-4f31-b4b3-3849144cb601}</UniqueIdentifier>
    </Filter>
    <Filter Include="imgui\plugins">
      <UniqueIdentifier>{c0c8f340-1727-427b-a389-ff1648e29615}</UniqueIdentifier>
    </Filter>
    <Filter Include="features\dxgi">
      <UniqueIdentifier>{c3247a5c-446d-4113-b355-88fd040a944d}</UniqueIdentifier>
    </Filter>
  </ItemGroup>
  <ItemGroup>
    <ClInclude Include="mouse_driver\mouse.hpp">
      <Filter>mouse_driver</Filter>
    </ClInclude>
    <ClInclude Include="features\menu\menu.hpp">
      <Filter>features\menu</Filter>
    </ClInclude>
    <ClInclude Include="features\settings\settings.hpp">
      <Filter>features\settings</Filter>
    </ClInclude>
    <ClInclude Include="includes.hpp" />
    <ClInclude Include="features\utils\utils.hpp">
      <Filter>features\utils</Filter>
    </ClInclude>
    <ClInclude Include="features\control\control.hpp">
      <Filter>features\control</Filter>
    </ClInclude>
    <ClInclude Include="features\settings\globals.hpp">
      <Filter>features\settings</Filter>
    </ClInclude>
    <ClInclude Include="imgui\imconfig.h">
      <Filter>imgui</Filter>
    </ClInclude>
    <ClInclude Include="imgui\imgui.h">
      <Filter>imgui</Filter>
    </ClInclude>
    <ClInclude Include="imgui\imgui_freetype.h">
      <Filter>imgui</Filter>
    </ClInclude>
    <ClInclude Include="imgui\imgui_impl_glfw.h">
      <Filter>imgui</Filter>
    </ClInclude>
    <ClInclude Include="imgui\imgui_impl_opengl3.h">
      <Filter>imgui</Filter>
    </ClInclude>
    <ClInclude Include="imgui\imgui_impl_opengl3_loader.h">
      <Filter>imgui</Filter>
    </ClInclude>
    <ClInclude Include="imgui\imgui_internal.h">
      <Filter>imgui</Filter>
    </ClInclude>
    <ClInclude Include="imgui\imgui_stdlib.h">
      <Filter>imgui</Filter>
    </ClInclude>
    <ClInclude Include="imgui\imstb_rectpack.h">
      <Filter>imgui</Filter>
    </ClInclude>
    <ClInclude Include="imgui\imstb_textedit.h">
      <Filter>imgui</Filter>
    </ClInclude>
    <ClInclude Include="imgui\imstb_truetype.h">
      <Filter>imgui</Filter>
    </ClInclude>
    <ClInclude Include="imgui\libs\glfw\include\GLFW\glfw3.h">
      <Filter>imgui\libs\glfw\include\GLFW</Filter>
    </ClInclude>
    <ClInclude Include="imgui\libs\glfw\include\GLFW\glfw3native.h">
      <Filter>imgui\libs\glfw\include\GLFW</Filter>
    </ClInclude>
    <ClInclude Include="imgui\plugins\TextEditor.h">
      <Filter>imgui\plugins</Filter>
    </ClInclude>
    <ClInclude Include="features\dxgi\dxgi.hpp">
      <Filter>features\dxgi</Filter>
    </ClInclude>
  </ItemGroup>
  <ItemGroup>
    <Library Include="imgui\libs\glfw\glfw3.lib">
      <Filter>imgui\libs\glfw</Filter>
    </Library>
  </ItemGroup>
</Project>